<Solution>
  <Folder Name="/src/">
    <Project Path="src/Wasta.Ai/Wasta.Ai.csproj" />
    <Project Path="src/Wasta.CareerCoach/Wasta.CareerCoach.csproj" />
    <Project Path="src/Wasta.SupportChat/Wasta.SupportChat.csproj" />
  </Folder>
  <Folder Name="/tests/">
    <Project Path="tests/Wasta.CareerCoach.Tests/Wasta.CareerCoach.Tests.csproj" />
    <Project Path="tests/Wasta.SupportChat.Tests/Wasta.SupportChat.Tests.csproj" />
  </Folder>
</Solution>
